
Microsoft Visual Studio Solution File, Format Version 12.00
# Visual Studio Version 16
VisualStudioVersion = 16.0.30330.147
MinimumVisualStudioVersion = 10.0.40219.1
Project("{FAE04EC0-301F-11D3-BF4B-00C04F79EFBC}") = "Smart_ACC_DataBase", "Smart_ACC_DataBase\Smart_ACC_DataBase.csproj", "{3D7591C0-B742-4876-916D-D819A9D91F95}"
EndProject
Project("{FAE04EC0-301F-11D3-BF4B-00C04F79EFBC}") = "Smart_ACC_Forms", "Smart_ACC_Forms\Smart_ACC_Forms.csproj", "{43715FB6-15E7-4C5C-9B94-143C4F9FBD2C}"
	ProjectSection(ProjectDependencies) = postProject
		{3D7591C0-B742-4876-916D-D819A9D91F95} = {3D7591C0-B742-4876-916D-D819A9D91F95}
	EndProjectSection
EndProject
Global
	GlobalSection(SolutionConfigurationPlatforms) = preSolution
		Debug|Any CPU = Debug|Any CPU
		Release|Any CPU = Release|Any CPU
	EndGlobalSection
	GlobalSection(ProjectConfigurationPlatforms) = postSolution
		{3D7591C0-B742-4876-916D-D819A9D91F95}.Debug|Any CPU.ActiveCfg = Debug|Any CPU
		{3D7591C0-B742-4876-916D-D819A9D91F95}.Debug|Any CPU.Build.0 = Debug|Any CPU
		{3D7591C0-B742-4876-916D-D819A9D91F95}.Release|Any CPU.ActiveCfg = Release|Any CPU
		{3D7591C0-B742-4876-916D-D819A9D91F95}.Release|Any CPU.Build.0 = Release|Any CPU
		{43715FB6-15E7-4C5C-9B94-143C4F9FBD2C}.Debug|Any CPU.ActiveCfg = Debug|Any CPU
		{43715FB6-15E7-4C5C-9B94-143C4F9FBD2C}.Debug|Any CPU.Build.0 = Debug|Any CPU
		{43715FB6-15E7-4C5C-9B94-143C4F9FBD2C}.Release|Any CPU.ActiveCfg = Release|Any CPU
		{43715FB6-15E7-4C5C-9B94-143C4F9FBD2C}.Release|Any CPU.Build.0 = Release|Any CPU
	EndGlobalSection
	GlobalSection(SolutionProperties) = preSolution
		HideSolutionNode = FALSE
	EndGlobalSection
	GlobalSection(ExtensibilityGlobals) = postSolution
		SolutionGuid = {5FC07813-E524-409B-9AAC-11580B0375D6}
	EndGlobalSection
EndGlobal
